// !$*UTF8*$!
{
	archiveVersion = 1;
	classes = {
	};
	objectVersion = 50;
	objects = {

/* Begin PBXBuildFile section */
		ACC36FB121FEDDF5008EAFF5 /* AppDelegate.swift in Sources */ = {isa = PBXBuildFile; fileRef = ACC36FB021FEDDF5008EAFF5 /* AppDelegate.swift */; };
		ACC36FB321FEDDF5008EAFF5 /* ViewController.swift in Sources */ = {isa = PBXBuildFile; fileRef = ACC36FB221FEDDF5008EAFF5 /* ViewController.swift */; };
		ACC36FB621FEDDF5008EAFF5 /* Main.storyboard in Resources */ = {isa = PBXBuildFile; fileRef = ACC36FB421FEDDF5008EAFF5 /* Main.storyboard */; };
		ACC36FB821FEDDF9008EAFF5 /* Assets.xcassets in Resources */ = {isa = PBXBuildFile; fileRef = ACC36FB721FEDDF9008EAFF5 /* Assets.xcassets */; };
		ACC36FBB21FEDDF9008EAFF5 /* LaunchScreen.storyboard in Resources */ = {isa = PBXBuildFile; fileRef = ACC36FB921FEDDF9008EAFF5 /* LaunchScreen.storyboard */; };
		ACC36FC621FEDDF9008EAFF5 /* CoordinatorsTests.swift in Sources */ = {isa = PBXBuildFile; fileRef = ACC36FC521FEDDF9008EAFF5 /* CoordinatorsTests.swift */; };
		ACC36FD121FEDE6B008EAFF5 /* Coordinator.swift in Sources */ = {isa = PBXBuildFile; fileRef = ACC36FD021FEDE6B008EAFF5 /* Coordinator.swift */; };
		ACC36FD321FEDEC5008EAFF5 /* Storyboarded.swift in Sources */ = {isa = PBXBuildFile; fileRef = ACC36FD221FEDEC5008EAFF5 /* Storyboarded.swift */; };
		ACC36FD521FEDFAE008EAFF5 /* MainCoordinator.swift in Sources */ = {isa = PBXBuildFile; fileRef = ACC36FD421FEDFAE008EAFF5 /* MainCoordinator.swift */; };
/* End PBXBuildFile section */

/* Begin PBXContainerItemProxy section */
		ACC36FC221FEDDF9008EAFF5 /* PBXContainerItemProxy */ = {
			isa = PBXContainerItemProxy;
			containerPortal = ACC36FA521FEDDF5008EAFF5 /* Project object */;
			proxyType = 1;
			remoteGlobalIDString = ACC36FAC21FEDDF5008EAFF5;
			remoteInfo = Coordinators;
		};
/* End PBXContainerItemProxy section */

/* Begin PBXFileReference section */
		ACC36FAD21FEDDF5008EAFF5 /* Coordinators.app */ = {isa = PBXFileReference; explicitFileType = wrapper.application; includeInIndex = 0; path = Coordinators.app; sourceTree = BUILT_PRODUCTS_DIR; };
		ACC36FB021FEDDF5008EAFF5 /* AppDelegate.swift */ = {isa = PBXFileReference; lastKnownFileType = sourcecode.swift; path = AppDelegate.swift; sourceTree = "<group>"; };
		ACC36FB221FEDDF5008EAFF5 /* ViewController.swift */ = {isa = PBXFileReference; lastKnownFileType = sourcecode.swift; path = ViewController.swift; sourceTree = "<group>"; };
		ACC36FB521FEDDF5008EAFF5 /* Base */ = {isa = PBXFileReference; lastKnownFileType = file.storyboard; name = Base; path = Base.lproj/Main.storyboard; sourceTree = "<group>"; };
		ACC36FB721FEDDF9008EAFF5 /* Assets.xcassets */ = {isa = PBXFileReference; lastKnownFileType = folder.assetcatalog; path = Assets.xcassets; sourceTree = "<group>"; };
		ACC36FBA21FEDDF9008EAFF5 /* Base */ = {isa = PBXFileReference; lastKnownFileType = file.storyboard; name = Base; path = Base.lproj/LaunchScreen.storyboard; sourceTree = "<group>"; };
		ACC36FBC21FEDDF9008EAFF5 /* Info.plist */ = {isa = PBXFileReference; lastKnownFileType = text.plist.xml; path = Info.plist; sourceTree = "<group>"; };
		ACC36FC121FEDDF9008EAFF5 /* CoordinatorsTests.xctest */ = {isa = PBXFileReference; explicitFileType = wrapper.cfbundle; includeInIndex = 0; path = CoordinatorsTests.xctest; sourceTree = BUILT_PRODUCTS_DIR; };
		ACC36FC521FEDDF9008EAFF5 /* CoordinatorsTests.swift */ = {isa = PBXFileReference; lastKnownFileType = sourcecode.swift; path = CoordinatorsTests.swift; sourceTree = "<group>"; };
		ACC36FC721FEDDF9008EAFF5 /* Info.plist */ = {isa = PBXFileReference; lastKnownFileType = text.plist.xml; path = Info.plist; sourceTree = "<group>"; };
		ACC36FD021FEDE6B008EAFF5 /* Coordinator.swift */ = {isa = PBXFileReference; lastKnownFileType = sourcecode.swift; path = Coordinator.swift; sourceTree = "<group>"; };
		ACC36FD221FEDEC5008EAFF5 /* Storyboarded.swift */ = {isa = PBXFileReference; lastKnownFileType = sourcecode.swift; path = Storyboarded.swift; sourceTree = "<group>"; };
		ACC36FD421FEDFAE008EAFF5 /* MainCoordinator.swift */ = {isa = PBXFileReference; lastKnownFileType = sourcecode.swift; path = MainCoordinator.swift; sourceTree = "<group>"; };
/* End PBXFileReference section */

/* Begin PBXFrameworksBuildPhase section */
		ACC36FAA21FEDDF5008EAFF5 /* Frameworks */ = {
			isa = PBXFrameworksBuildPhase;
			buildActionMask = 2147483647;
			files = (
			);
			runOnlyForDeploymentPostprocessing = 0;
		};
		ACC36FBE21FEDDF9008EAFF5 /* Frameworks */ = {
			isa = PBXFrameworksBuildPhase;
			buildActionMask = 2147483647;
			files = (
			);
			runOnlyForDeploymentPostprocessing = 0;
		};
/* End PBXFrameworksBuildPhase section */

/* Begin PBXGroup section */
		ACC36FA421FEDDF5008EAFF5 = {
			isa = PBXGroup;
			children = (
				ACC36FAF21FEDDF5008EAFF5 /* Coordinators */,
				ACC36FC421FEDDF9008EAFF5 /* CoordinatorsTests */,
				ACC36FAE21FEDDF5008EAFF5 /* Products */,
			);
			sourceTree = "<group>";
		};
		ACC36FAE21FEDDF5008EAFF5 /* Products */ = {
			isa = PBXGroup;
			children = (
				ACC36FAD21FEDDF5008EAFF5 /* Coordinators.app */,
				ACC36FC121FEDDF9008EAFF5 /* CoordinatorsTests.xctest */,
			);
			name = Products;
			sourceTree = "<group>";
		};
		ACC36FAF21FEDDF5008EAFF5 /* Coordinators */ = {
			isa = PBXGroup;
			children = (
				ACC36FB021FEDDF5008EAFF5 /* AppDelegate.swift */,
				ACC36FB221FEDDF5008EAFF5 /* ViewController.swift */,
				ACC36FB421FEDDF5008EAFF5 /* Main.storyboard */,
				ACC36FB721FEDDF9008EAFF5 /* Assets.xcassets */,
				ACC36FB921FEDDF9008EAFF5 /* LaunchScreen.storyboard */,
				ACC36FBC21FEDDF9008EAFF5 /* Info.plist */,
				ACC36FD021FEDE6B008EAFF5 /* Coordinator.swift */,
				ACC36FD221FEDEC5008EAFF5 /* Storyboarded.swift */,
				ACC36FD421FEDFAE008EAFF5 /* MainCoordinator.swift */,
			);
			path = Coordinators;
			sourceTree = "<group>";
		};
		ACC36FC421FEDDF9008EAFF5 /* CoordinatorsTests */ = {
			isa = PBXGroup;
			children = (
				ACC36FC521FEDDF9008EAFF5 /* CoordinatorsTests.swift */,
				ACC36FC721FEDDF9008EAFF5 /* Info.plist */,
			);
			path = CoordinatorsTests;
			sourceTree = "<group>";
		};
/* End PBXGroup section */

/* Begin PBXNativeTarget section */
		ACC36FAC21FEDDF5008EAFF5 /* Coordinators */ = {
			isa = PBXNativeTarget;
			buildConfigurationList = ACC36FCA21FEDDF9008EAFF5 /* Build configuration list for PBXNativeTarget "Coordinators" */;
			buildPhases = (
				ACC36FA921FEDDF5008EAFF5 /* Sources */,
				ACC36FAA21FEDDF5008EAFF5 /* Frameworks */,
				ACC36FAB21FEDDF5008EAFF5 /* Resources */,
			);
			buildRules = (
			);
			dependencies = (
			);
			name = Coordinators;
			productName = Coordinators;
			productReference = ACC36FAD21FEDDF5008EAFF5 /* Coordinators.app */;
			productType = "com.apple.product-type.application";
		};
		ACC36FC021FEDDF9008EAFF5 /* CoordinatorsTests */ = {
			isa = PBXNativeTarget;
			buildConfigurationList = ACC36FCD21FEDDF9008EAFF5 /* Build configuration list for PBXNativeTarget "CoordinatorsTests" */;
			buildPhases = (
				ACC36FBD21FEDDF9008EAFF5 /* Sources */,
				ACC36FBE21FEDDF9008EAFF5 /* Frameworks */,
				ACC36FBF21FEDDF9008EAFF5 /* Resources */,
			);
			buildRules = (
			);
			dependencies = (
				ACC36FC321FEDDF9008EAFF5 /* PBXTargetDependency */,
			);
			name = CoordinatorsTests;
			productName = CoordinatorsTests;
			productReference = ACC36FC121FEDDF9008EAFF5 /* CoordinatorsTests.xctest */;
			productType = "com.apple.product-type.bundle.unit-test";
		};
/* End PBXNativeTarget section */

/* Begin PBXProject section */
		ACC36FA521FEDDF5008EAFF5 /* Project object */ = {
			isa = PBXProject;
			attributes = {
				LastSwiftUpdateCheck = 1010;
				LastUpgradeCheck = 1010;
				ORGANIZATIONNAME = "Vlastimir Radojevic";
				TargetAttributes = {
					ACC36FAC21FEDDF5008EAFF5 = {
						CreatedOnToolsVersion = 10.1;
					};
					ACC36FC021FEDDF9008EAFF5 = {
						CreatedOnToolsVersion = 10.1;
						TestTargetID = ACC36FAC21FEDDF5008EAFF5;
					};
				};
			};
			buildConfigurationList = ACC36FA821FEDDF5008EAFF5 /* Build configuration list for PBXProject "Coordinators" */;
			compatibilityVersion = "Xcode 9.3";
			developmentRegion = en;
			hasScannedForEncodings = 0;
			knownRegions = (
				en,
				Base,
			);
			mainGroup = ACC36FA421FEDDF5008EAFF5;
			productRefGroup = ACC36FAE21FEDDF5008EAFF5 /* Products */;
			projectDirPath = "";
			projectRoot = "";
			targets = (
				ACC36FAC21FEDDF5008EAFF5 /* Coordinators */,
				ACC36FC021FEDDF9008EAFF5 /* CoordinatorsTests */,
			);
		};
/* End PBXProject section */

/* Begin PBXResourcesBuildPhase section */
		ACC36FAB21FEDDF5008EAFF5 /* Resources */ = {
			isa = PBXResourcesBuildPhase;
			buildActionMask = 2147483647;
			files = (
				ACC36FBB21FEDDF9008EAFF5 /* LaunchScreen.storyboard in Resources */,
				ACC36FB821FEDDF9008EAFF5 /* Assets.xcassets in Resources */,
				ACC36FB621FEDDF5008EAFF5 /* Main.storyboard in Resources */,
			);
			runOnlyForDeploymentPostprocessing = 0;
		};
		ACC36FBF21FEDDF9008EAFF5 /* Resources */ = {
			isa = PBXResourcesBuildPhase;
			buildActionMask = 2147483647;
			files = (
			);
			runOnlyForDeploymentPostprocessing = 0;
		};
/* End PBXResourcesBuildPhase section */

/* Begin PBXSourcesBuildPhase section */
		ACC36FA921FEDDF5008EAFF5 /* Sources */ = {
			isa = PBXSourcesBuildPhase;
			buildActionMask = 2147483647;
			files = (
				ACC36FB321FEDDF5008EAFF5 /* ViewController.swift in Sources */,
				ACC36FB121FEDDF5008EAFF5 /* AppDelegate.swift in Sources */,
				ACC36FD121FEDE6B008EAFF5 /* Coordinator.swift in Sources */,
				ACC36FD521FEDFAE008EAFF5 /* MainCoordinator.swift in Sources */,
				ACC36FD321FEDEC5008EAFF5 /* Storyboarded.swift in Sources */,
			);
			runOnlyForDeploymentPostprocessing = 0;
		};
		ACC36FBD21FEDDF9008EAFF5 /* Sources */ = {
			isa = PBXSourcesBuildPhase;
			buildActionMask = 2147483647;
			files = (
				ACC36FC621FEDDF9008EAFF5 /* CoordinatorsTests.swift in Sources */,
			);
			runOnlyForDeploymentPostprocessing = 0;
		};
/* End PBXSourcesBuildPhase section */

/* Begin PBXTargetDependency section */
		ACC36FC321FEDDF9008EAFF5 /* PBXTargetDependency */ = {
			isa = PBXTargetDependency;
			target = ACC36FAC21FEDDF5008EAFF5 /* Coordinators */;
			targetProxy = ACC36FC221FEDDF9008EAFF5 /* PBXContainerItemProxy */;
		};
/* End PBXTargetDependency section */

/* Begin PBXVariantGroup section */
		ACC36FB421FEDDF5008EAFF5 /* Main.storyboard */ = {
			isa = PBXVariantGroup;
			children = (
				ACC36FB521FEDDF5008EAFF5 /* Base */,
			);
			name = Main.storyboard;
			sourceTree = "<group>";
		};
		ACC36FB921FEDDF9008EAFF5 /* LaunchScreen.storyboard */ = {
			isa = PBXVariantGroup;
			children = (
				ACC36FBA21FEDDF9008EAFF5 /* Base */,
			);
			name = LaunchScreen.storyboard;
			sourceTree = "<group>";
		};
/* End PBXVariantGroup section */

/* Begin XCBuildConfiguration section */
		ACC36FC821FEDDF9008EAFF5 /* Debug */ = {
			isa = XCBuildConfiguration;
			buildSettings = {
				ALWAYS_SEARCH_USER_PATHS = NO;
				CLANG_ANALYZER_NONNULL = YES;
				CLANG_ANALYZER_NUMBER_OBJECT_CONVERSION = YES_AGGRESSIVE;
				CLANG_CXX_LANGUAGE_STANDARD = "gnu++14";
				CLANG_CXX_LIBRARY = "libc++";
				CLANG_ENABLE_MODULES = YES;
				CLANG_ENABLE_OBJC_ARC = YES;
				CLANG_ENABLE_OBJC_WEAK = YES;
				CLANG_WARN_BLOCK_CAPTURE_AUTORELEASING = YES;
				CLANG_WARN_BOOL_CONVERSION = YES;
				CLANG_WARN_COMMA = YES;
				CLANG_WARN_CONSTANT_CONVERSION = YES;
				CLANG_WARN_DEPRECATED_OBJC_IMPLEMENTATIONS = YES;
				CLANG_WARN_DIRECT_OBJC_ISA_USAGE = YES_ERROR;
				CLANG_WARN_DOCUMENTATION_COMMENTS = YES;
				CLANG_WARN_EMPTY_BODY = YES;
				CLANG_WARN_ENUM_CONVERSION = YES;
				CLANG_WARN_INFINITE_RECURSION = YES;
				CLANG_WARN_INT_CONVERSION = YES;
				CLANG_WARN_NON_LITERAL_NULL_CONVERSION = YES;
				CLANG_WARN_OBJC_IMPLICIT_RETAIN_SELF = YES;
				CLANG_WARN_OBJC_LITERAL_CONVERSION = YES;
				CLANG_WARN_OBJC_ROOT_CLASS = YES_ERROR;
				CLANG_WARN_RANGE_LOOP_ANALYSIS = YES;
				CLANG_WARN_STRICT_PROTOTYPES = YES;
				CLANG_WARN_SUSPICIOUS_MOVE = YES;
				CLANG_WARN_UNGUARDED_AVAILABILITY = YES_AGGRESSIVE;
				CLANG_WARN_UNREACHABLE_CODE = YES;
				CLANG_WARN__DUPLICATE_METHOD_MATCH = YES;
				CODE_SIGN_IDENTITY = "iPhone Developer";
				COPY_PHASE_STRIP = NO;
				DEBUG_INFORMATION_FORMAT = dwarf;
				ENABLE_STRICT_OBJC_MSGSEND = YES;
				ENABLE_TESTABILITY = YES;
				GCC_C_LANGUAGE_STANDARD = gnu11;
				GCC_DYNAMIC_NO_PIC = NO;
				GCC_NO_COMMON_BLOCKS = YES;
				GCC_OPTIMIZATION_LEVEL = 0;
				GCC_PREPROCESSOR_DEFINITIONS = (
					"DEBUG=1",
					"$(inherited)",
				);
				GCC_WARN_64_TO_32_BIT_CONVERSION = YES;
				GCC_WARN_ABOUT_RETURN_TYPE = YES_ERROR;
				GCC_WARN_UNDECLARED_SELECTOR = YES;
				GCC_WARN_UNINITIALIZED_AUTOS = YES_AGGRESSIVE;
				GCC_WARN_UNUSED_FUNCTION = YES;
				GCC_WARN_UNUSED_VARIABLE = YES;
				IPHONEOS_DEPLOYMENT_TARGET = 12.1;
				MTL_ENABLE_DEBUG_INFO = INCLUDE_SOURCE;
				MTL_FAST_MATH = YES;
				ONLY_ACTIVE_ARCH = YES;
				SDKROOT = iphoneos;
				SWIFT_ACTIVE_COMPILATION_CONDITIONS = DEBUG;
				SWIFT_OPTIMIZATION_LEVEL = "-Onone";
			};
			name = Debug;
		};
		ACC36FC921FEDDF9008EAFF5 /* Release */ = {
			isa = XCBuildConfiguration;
			buildSettings = {
				ALWAYS_SEARCH_USER_PATHS = NO;
				CLANG_ANALYZER_NONNULL = YES;
				CLANG_ANALYZER_NUMBER_OBJECT_CONVERSION = YES_AGGRESSIVE;
				CLANG_CXX_LANGUAGE_STANDARD = "gnu++14";
				CLANG_CXX_LIBRARY = "libc++";
				CLANG_ENABLE_MODULES = YES;
				CLANG_ENABLE_OBJC_ARC = YES;
				CLANG_ENABLE_OBJC_WEAK = YES;
				CLANG_WARN_BLOCK_CAPTURE_AUTORELEASING = YES;
				CLANG_WARN_BOOL_CONVERSION = YES;
				CLANG_WARN_COMMA = YES;
				CLANG_WARN_CONSTANT_CONVERSION = YES;
				CLANG_WARN_DEPRECATED_OBJC_IMPLEMENTATIONS = YES;
				CLANG_WARN_DIRECT_OBJC_ISA_USAGE = YES_ERROR;
				CLANG_WARN_DOCUMENTATION_COMMENTS = YES;
				CLANG_WARN_EMPTY_BODY = YES;
				CLANG_WARN_ENUM_CONVERSION = YES;
				CLANG_WARN_INFINITE_RECURSION = YES;
				CLANG_WARN_INT_CONVERSION = YES;
				CLANG_WARN_NON_LITERAL_NULL_CONVERSION = YES;
				CLANG_WARN_OBJC_IMPLICIT_RETAIN_SELF = YES;
				CLANG_WARN_OBJC_LITERAL_CONVERSION = YES;
				CLANG_WARN_OBJC_ROOT_CLASS = YES_ERROR;
				CLANG_WARN_RANGE_LOOP_ANALYSIS = YES;
				CLANG_WARN_STRICT_PROTOTYPES = YES;
				CLANG_WARN_SUSPICIOUS_MOVE = YES;
				CLANG_WARN_UNGUARDED_AVAILABILITY = YES_AGGRESSIVE;
				CLANG_WARN_UNREACHABLE_CODE = YES;
				CLANG_WARN__DUPLICATE_METHOD_MATCH = YES;
				CODE_SIGN_IDENTITY = "iPhone Developer";
				COPY_PHASE_STRIP = NO;
				DEBUG_INFORMATION_FORMAT = "dwarf-with-dsym";
				ENABLE_NS_ASSERTIONS = NO;
				ENABLE_STRICT_OBJC_MSGSEND = YES;
				GCC_C_LANGUAGE_STANDARD = gnu11;
				GCC_NO_COMMON_BLOCKS = YES;
				GCC_WARN_64_TO_32_BIT_CONVERSION = YES;
				GCC_WARN_ABOUT_RETURN_TYPE = YES_ERROR;
				GCC_WARN_UNDECLARED_SELECTOR = YES;
				GCC_WARN_UNINITIALIZED_AUTOS = YES_AGGRESSIVE;
				GCC_WARN_UNUSED_FUNCTION = YES;
				GCC_WARN_UNUSED_VARIABLE = YES;
				IPHONEOS_DEPLOYMENT_TARGET = 12.1;
				MTL_ENABLE_DEBUG_INFO = NO;
				MTL_FAST_MATH = YES;
				SDKROOT = iphoneos;
				SWIFT_COMPILATION_MODE = wholemodule;
				SWIFT_OPTIMIZATION_LEVEL = "-O";
				VALIDATE_PRODUCT = YES;
			};
			name = Release;
		};
		ACC36FCB21FEDDF9008EAFF5 /* Debug */ = {
			isa = XCBuildConfiguration;
			buildSettings = {
				ASSETCATALOG_COMPILER_APPICON_NAME = AppIcon;
				CODE_SIGN_STYLE = Automatic;
				DEVELOPMENT_TEAM = DN9K63W6YB;
				INFOPLIST_FILE = Coordinators/Info.plist;
				LD_RUNPATH_SEARCH_PATHS = (
					"$(inherited)",
					"@executable_path/Frameworks",
				);
				PRODUCT_BUNDLE_IDENTIFIER = vlastimir.Coordinators;
				PRODUCT_NAME = "$(TARGET_NAME)";
				SWIFT_VERSION = 4.2;
				TARGETED_DEVICE_FAMILY = "1,2";
			};
			name = Debug;
		};
		ACC36FCC21FEDDF9008EAFF5 /* Release */ = {
			isa = XCBuildConfiguration;
			buildSettings = {
				ASSETCATALOG_COMPILER_APPICON_NAME = AppIcon;
				CODE_SIGN_STYLE = Automatic;
				DEVELOPMENT_TEAM = DN9K63W6YB;
				INFOPLIST_FILE = Coordinators/Info.plist;
				LD_RUNPATH_SEARCH_PATHS = (
					"$(inherited)",
					"@executable_path/Frameworks",
				);
				PRODUCT_BUNDLE_IDENTIFIER = vlastimir.Coordinators;
				PRODUCT_NAME = "$(TARGET_NAME)";
				SWIFT_VERSION = 4.2;
				TARGETED_DEVICE_FAMILY = "1,2";
			};
			name = Release;
		};
		ACC36FCE21FEDDF9008EAFF5 /* Debug */ = {
			isa = XCBuildConfiguration;
			buildSettings = {
				ALWAYS_EMBED_SWIFT_STANDARD_LIBRARIES = YES;
				BUNDLE_LOADER = "$(TEST_HOST)";
				CODE_SIGN_STYLE = Automatic;
				DEVELOPMENT_TEAM = DN9K63W6YB;
				INFOPLIST_FILE = CoordinatorsTests/Info.plist;
				LD_RUNPATH_SEARCH_PATHS = (
					"$(inherited)",
					"@executable_path/Frameworks",
					"@loader_path/Frameworks",
				);
				PRODUCT_BUNDLE_IDENTIFIER = vlastimir.CoordinatorsTests;
				PRODUCT_NAME = "$(TARGET_NAME)";
				SWIFT_VERSION = 4.2;
				TARGETED_DEVICE_FAMILY = "1,2";
				TEST_HOST = "$(BUILT_PRODUCTS_DIR)/Coordinators.app/Coordinators";
			};
			name = Debug;
		};
		ACC36FCF21FEDDF9008EAFF5 /* Release */ = {
			isa = XCBuildConfiguration;
			buildSettings = {
				ALWAYS_EMBED_SWIFT_STANDARD_LIBRARIES = YES;
				BUNDLE_LOADER = "$(TEST_HOST)";
				CODE_SIGN_STYLE = Automatic;
				DEVELOPMENT_TEAM = DN9K63W6YB;
				INFOPLIST_FILE = CoordinatorsTests/Info.plist;
				LD_RUNPATH_SEARCH_PATHS = (
					"$(inherited)",
					"@executable_path/Frameworks",
					"@loader_path/Frameworks",
				);
				PRODUCT_BUNDLE_IDENTIFIER = vlastimir.CoordinatorsTests;
				PRODUCT_NAME = "$(TARGET_NAME)";
				SWIFT_VERSION = 4.2;
				TARGETED_DEVICE_FAMILY = "1,2";
				TEST_HOST = "$(BUILT_PRODUCTS_DIR)/Coordinators.app/Coordinators";
			};
			name = Release;
		};
/* End XCBuildConfiguration section */

/* Begin XCConfigurationList section */
		ACC36FA821FEDDF5008EAFF5 /* Build configuration list for PBXProject "Coordinators" */ = {
			isa = XCConfigurationList;
			buildConfigurations = (
				ACC36FC821FEDDF9008EAFF5 /* Debug */,
				ACC36FC921FEDDF9008EAFF5 /* Release */,
			);
			defaultConfigurationIsVisible = 0;
			defaultConfigurationName = Release;
		};
		ACC36FCA21FEDDF9008EAFF5 /* Build configuration list for PBXNativeTarget "Coordinators" */ = {
			isa = XCConfigurationList;
			buildConfigurations = (
				ACC36FCB21FEDDF9008EAFF5 /* Debug */,
				ACC36FCC21FEDDF9008EAFF5 /* Release */,
			);
			defaultConfigurationIsVisible = 0;
			defaultConfigurationName = Release;
		};
		ACC36FCD21FEDDF9008EAFF5 /* Build configuration list for PBXNativeTarget "CoordinatorsTests" */ = {
			isa = XCConfigurationList;
			buildConfigurations = (
				ACC36FCE21FEDDF9008EAFF5 /* Debug */,
				ACC36FCF21FEDDF9008EAFF5 /* Release */,
			);
			defaultConfigurationIsVisible = 0;
			defaultConfigurationName = Release;
		};
/* End XCConfigurationList section */
	};
	rootObject = ACC36FA521FEDDF5008EAFF5 /* Project object */;
}
